// !$*UTF8*$!
{
	archiveVersion = 1;
	classes = {
	};
	objectVersion = 55;
	objects = {

/* Begin PBXBuildFile section */
		27170D2E29DEB7EF0067DFA4 /* RecordButton.swift in Sources */ = {isa = PBXBuildFile; fileRef = 27170D2D29DEB7EF0067DFA4 /* RecordButton.swift */; };
		27170D3029E02F420067DFA4 /* TabBarView.swift in Sources */ = {isa = PBXBuildFile; fileRef = 27170D2F29E02F420067DFA4 /* TabBarView.swift */; };
		27170D3229E0326E0067DFA4 /* TaskView.swift in Sources */ = {isa = PBXBuildFile; fileRef = 27170D3129E0326E0067DFA4 /* TaskView.swift */; };
		27170D3429E032880067DFA4 /* PastDiaryView.swift in Sources */ = {isa = PBXBuildFile; fileRef = 27170D3329E032880067DFA4 /* PastDiaryView.swift */; };
		2767034D29CD94E30010B6EA /* DiamemoryApp.swift in Sources */ = {isa = PBXBuildFile; fileRef = 2767034C29CD94E30010B6EA /* DiamemoryApp.swift */; };
		2767034F29CD94E30010B6EA /* ContentView.swift in Sources */ = {isa = PBXBuildFile; fileRef = 2767034E29CD94E30010B6EA /* ContentView.swift */; };
		2767035129CD94E50010B6EA /* Assets.xcassets in Resources */ = {isa = PBXBuildFile; fileRef = 2767035029CD94E50010B6EA /* Assets.xcassets */; };
		2767035429CD94E60010B6EA /* Preview Assets.xcassets in Resources */ = {isa = PBXBuildFile; fileRef = 2767035329CD94E60010B6EA /* Preview Assets.xcassets */; };
		2767035E29CD94E60010B6EA /* DiamemoryTests.swift in Sources */ = {isa = PBXBuildFile; fileRef = 2767035D29CD94E60010B6EA /* DiamemoryTests.swift */; };
		2767036829CD94E60010B6EA /* DiamemoryUITests.swift in Sources */ = {isa = PBXBuildFile; fileRef = 2767036729CD94E60010B6EA /* DiamemoryUITests.swift */; };
		2767036A29CD94E60010B6EA /* DiamemoryUITestsLaunchTests.swift in Sources */ = {isa = PBXBuildFile; fileRef = 2767036929CD94E60010B6EA /* DiamemoryUITestsLaunchTests.swift */; };
		2767037729D095890010B6EA /* InputDiaryView.swift in Sources */ = {isa = PBXBuildFile; fileRef = 2767037629D095890010B6EA /* InputDiaryView.swift */; };
		2767038129D5465F0010B6EA /* Main.storyboard in Resources */ = {isa = PBXBuildFile; fileRef = 2767038029D5465F0010B6EA /* Main.storyboard */; };
/* End PBXBuildFile section */

/* Begin PBXContainerItemProxy section */
		2767035A29CD94E60010B6EA /* PBXContainerItemProxy */ = {
			isa = PBXContainerItemProxy;
			containerPortal = 2767034129CD94E30010B6EA /* Project object */;
			proxyType = 1;
			remoteGlobalIDString = 2767034829CD94E30010B6EA;
			remoteInfo = Diamemory;
		};
		2767036429CD94E60010B6EA /* PBXContainerItemProxy */ = {
			isa = PBXContainerItemProxy;
			containerPortal = 2767034129CD94E30010B6EA /* Project object */;
			proxyType = 1;
			remoteGlobalIDString = 2767034829CD94E30010B6EA;
			remoteInfo = Diamemory;
		};
/* End PBXContainerItemProxy section */

/* Begin PBXFileReference section */
		27170D2D29DEB7EF0067DFA4 /* RecordButton.swift */ = {isa = PBXFileReference; lastKnownFileType = sourcecode.swift; path = RecordButton.swift; sourceTree = "<group>"; };
		27170D2F29E02F420067DFA4 /* TabBarView.swift */ = {isa = PBXFileReference; lastKnownFileType = sourcecode.swift; path = TabBarView.swift; sourceTree = "<group>"; };
		27170D3129E0326E0067DFA4 /* TaskView.swift */ = {isa = PBXFileReference; lastKnownFileType = sourcecode.swift; path = TaskView.swift; sourceTree = "<group>"; };
		27170D3329E032880067DFA4 /* PastDiaryView.swift */ = {isa = PBXFileReference; lastKnownFileType = sourcecode.swift; path = PastDiaryView.swift; sourceTree = "<group>"; };
		2767034929CD94E30010B6EA /* Diamemory.app */ = {isa = PBXFileReference; explicitFileType = wrapper.application; includeInIndex = 0; path = Diamemory.app; sourceTree = BUILT_PRODUCTS_DIR; };
		2767034C29CD94E30010B6EA /* DiamemoryApp.swift */ = {isa = PBXFileReference; lastKnownFileType = sourcecode.swift; path = DiamemoryApp.swift; sourceTree = "<group>"; };
		2767034E29CD94E30010B6EA /* ContentView.swift */ = {isa = PBXFileReference; lastKnownFileType = sourcecode.swift; path = ContentView.swift; sourceTree = "<group>"; };
		2767035029CD94E50010B6EA /* Assets.xcassets */ = {isa = PBXFileReference; lastKnownFileType = folder.assetcatalog; path = Assets.xcassets; sourceTree = "<group>"; };
		2767035329CD94E60010B6EA /* Preview Assets.xcassets */ = {isa = PBXFileReference; lastKnownFileType = folder.assetcatalog; path = "Preview Assets.xcassets"; sourceTree = "<group>"; };
		2767035929CD94E60010B6EA /* DiamemoryTests.xctest */ = {isa = PBXFileReference; explicitFileType = wrapper.cfbundle; includeInIndex = 0; path = DiamemoryTests.xctest; sourceTree = BUILT_PRODUCTS_DIR; };
		2767035D29CD94E60010B6EA /* DiamemoryTests.swift */ = {isa = PBXFileReference; lastKnownFileType = sourcecode.swift; path = DiamemoryTests.swift; sourceTree = "<group>"; };
		2767036329CD94E60010B6EA /* DiamemoryUITests.xctest */ = {isa = PBXFileReference; explicitFileType = wrapper.cfbundle; includeInIndex = 0; path = DiamemoryUITests.xctest; sourceTree = BUILT_PRODUCTS_DIR; };
		2767036729CD94E60010B6EA /* DiamemoryUITests.swift */ = {isa = PBXFileReference; lastKnownFileType = sourcecode.swift; path = DiamemoryUITests.swift; sourceTree = "<group>"; };
		2767036929CD94E60010B6EA /* DiamemoryUITestsLaunchTests.swift */ = {isa = PBXFileReference; lastKnownFileType = sourcecode.swift; path = DiamemoryUITestsLaunchTests.swift; sourceTree = "<group>"; };
		2767037629D095890010B6EA /* InputDiaryView.swift */ = {isa = PBXFileReference; lastKnownFileType = sourcecode.swift; path = InputDiaryView.swift; sourceTree = "<group>"; };
		2767038029D5465F0010B6EA /* Main.storyboard */ = {isa = PBXFileReference; lastKnownFileType = file.storyboard; path = Main.storyboard; sourceTree = "<group>"; };
/* End PBXFileReference section */

/* Begin PBXFrameworksBuildPhase section */
		2767034629CD94E30010B6EA /* Frameworks */ = {
			isa = PBXFrameworksBuildPhase;
			buildActionMask = 2147483647;
			files = (
			);
			runOnlyForDeploymentPostprocessing = 0;
		};
		2767035629CD94E60010B6EA /* Frameworks */ = {
			isa = PBXFrameworksBuildPhase;
			buildActionMask = 2147483647;
			files = (
			);
			runOnlyForDeploymentPostprocessing = 0;
		};
		2767036029CD94E60010B6EA /* Frameworks */ = {
			isa = PBXFrameworksBuildPhase;
			buildActionMask = 2147483647;
			files = (
			);
			runOnlyForDeploymentPostprocessing = 0;
		};
/* End PBXFrameworksBuildPhase section */

/* Begin PBXGroup section */
		2767034029CD94E30010B6EA = {
			isa = PBXGroup;
			children = (
				2767034B29CD94E30010B6EA /* Diamemory */,
				2767035C29CD94E60010B6EA /* DiamemoryTests */,
				2767036629CD94E60010B6EA /* DiamemoryUITests */,
				2767034A29CD94E30010B6EA /* Products */,
			);
			sourceTree = "<group>";
		};
		2767034A29CD94E30010B6EA /* Products */ = {
			isa = PBXGroup;
			children = (
				2767034929CD94E30010B6EA /* Diamemory.app */,
				2767035929CD94E60010B6EA /* DiamemoryTests.xctest */,
				2767036329CD94E60010B6EA /* DiamemoryUITests.xctest */,
			);
			name = Products;
			sourceTree = "<group>";
		};
		2767034B29CD94E30010B6EA /* Diamemory */ = {
			isa = PBXGroup;
			children = (
				2767034C29CD94E30010B6EA /* DiamemoryApp.swift */,
				2767034E29CD94E30010B6EA /* ContentView.swift */,
				2767037629D095890010B6EA /* InputDiaryView.swift */,
				27170D2D29DEB7EF0067DFA4 /* RecordButton.swift */,
				27170D2F29E02F420067DFA4 /* TabBarView.swift */,
				27170D3129E0326E0067DFA4 /* TaskView.swift */,
				27170D3329E032880067DFA4 /* PastDiaryView.swift */,
				2767035029CD94E50010B6EA /* Assets.xcassets */,
				2767038029D5465F0010B6EA /* Main.storyboard */,
				2767035229CD94E60010B6EA /* Preview Content */,
			);
			path = Diamemory;
			sourceTree = "<group>";
		};
		2767035229CD94E60010B6EA /* Preview Content */ = {
			isa = PBXGroup;
			children = (
				2767035329CD94E60010B6EA /* Preview Assets.xcassets */,
			);
			path = "Preview Content";
			sourceTree = "<group>";
		};
		2767035C29CD94E60010B6EA /* DiamemoryTests */ = {
			isa = PBXGroup;
			children = (
				2767035D29CD94E60010B6EA /* DiamemoryTests.swift */,
			);
			path = DiamemoryTests;
			sourceTree = "<group>";
		};
		2767036629CD94E60010B6EA /* DiamemoryUITests */ = {
			isa = PBXGroup;
			children = (
				2767036729CD94E60010B6EA /* DiamemoryUITests.swift */,
				2767036929CD94E60010B6EA /* DiamemoryUITestsLaunchTests.swift */,
			);
			path = DiamemoryUITests;
			sourceTree = "<group>";
		};
/* End PBXGroup section */

/* Begin PBXNativeTarget section */
		2767034829CD94E30010B6EA /* Diamemory */ = {
			isa = PBXNativeTarget;
			buildConfigurationList = 2767036D29CD94E60010B6EA /* Build configuration list for PBXNativeTarget "Diamemory" */;
			buildPhases = (
				2767034529CD94E30010B6EA /* Sources */,
				2767034629CD94E30010B6EA /* Frameworks */,
				2767034729CD94E30010B6EA /* Resources */,
			);
			buildRules = (
			);
			dependencies = (
			);
			name = Diamemory;
			productName = Diamemory;
			productReference = 2767034929CD94E30010B6EA /* Diamemory.app */;
			productType = "com.apple.product-type.application";
		};
		2767035829CD94E60010B6EA /* DiamemoryTests */ = {
			isa = PBXNativeTarget;
			buildConfigurationList = 2767037029CD94E60010B6EA /* Build configuration list for PBXNativeTarget "DiamemoryTests" */;
			buildPhases = (
				2767035529CD94E60010B6EA /* Sources */,
				2767035629CD94E60010B6EA /* Frameworks */,
				2767035729CD94E60010B6EA /* Resources */,
			);
			buildRules = (
			);
			dependencies = (
				2767035B29CD94E60010B6EA /* PBXTargetDependency */,
			);
			name = DiamemoryTests;
			productName = DiamemoryTests;
			productReference = 2767035929CD94E60010B6EA /* DiamemoryTests.xctest */;
			productType = "com.apple.product-type.bundle.unit-test";
		};
		2767036229CD94E60010B6EA /* DiamemoryUITests */ = {
			isa = PBXNativeTarget;
			buildConfigurationList = 2767037329CD94E60010B6EA /* Build configuration list for PBXNativeTarget "DiamemoryUITests" */;
			buildPhases = (
				2767035F29CD94E60010B6EA /* Sources */,
				2767036029CD94E60010B6EA /* Frameworks */,
				2767036129CD94E60010B6EA /* Resources */,
			);
			buildRules = (
			);
			dependencies = (
				2767036529CD94E60010B6EA /* PBXTargetDependency */,
			);
			name = DiamemoryUITests;
			productName = DiamemoryUITests;
			productReference = 2767036329CD94E60010B6EA /* DiamemoryUITests.xctest */;
			productType = "com.apple.product-type.bundle.ui-testing";
		};
/* End PBXNativeTarget section */

/* Begin PBXProject section */
		2767034129CD94E30010B6EA /* Project object */ = {
			isa = PBXProject;
			attributes = {
				BuildIndependentTargetsInParallel = 1;
				LastSwiftUpdateCheck = 1330;
				LastUpgradeCheck = 1330;
				TargetAttributes = {
					2767034829CD94E30010B6EA = {
						CreatedOnToolsVersion = 13.3.1;
					};
					2767035829CD94E60010B6EA = {
						CreatedOnToolsVersion = 13.3.1;
						TestTargetID = 2767034829CD94E30010B6EA;
					};
					2767036229CD94E60010B6EA = {
						CreatedOnToolsVersion = 13.3.1;
						TestTargetID = 2767034829CD94E30010B6EA;
					};
				};
			};
			buildConfigurationList = 2767034429CD94E30010B6EA /* Build configuration list for PBXProject "Diamemory" */;
			compatibilityVersion = "Xcode 13.0";
			developmentRegion = en;
			hasScannedForEncodings = 0;
			knownRegions = (
				en,
				Base,
			);
			mainGroup = 2767034029CD94E30010B6EA;
			productRefGroup = 2767034A29CD94E30010B6EA /* Products */;
			projectDirPath = "";
			projectRoot = "";
			targets = (
				2767034829CD94E30010B6EA /* Diamemory */,
				2767035829CD94E60010B6EA /* DiamemoryTests */,
				2767036229CD94E60010B6EA /* DiamemoryUITests */,
			);
		};
/* End PBXProject section */

/* Begin PBXResourcesBuildPhase section */
		2767034729CD94E30010B6EA /* Resources */ = {
			isa = PBXResourcesBuildPhase;
			buildActionMask = 2147483647;
			files = (
				2767038129D5465F0010B6EA /* Main.storyboard in Resources */,
				2767035429CD94E60010B6EA /* Preview Assets.xcassets in Resources */,
				2767035129CD94E50010B6EA /* Assets.xcassets in Resources */,
			);
			runOnlyForDeploymentPostprocessing = 0;
		};
		2767035729CD94E60010B6EA /* Resources */ = {
			isa = PBXResourcesBuildPhase;
			buildActionMask = 2147483647;
			files = (
			);
			runOnlyForDeploymentPostprocessing = 0;
		};
		2767036129CD94E60010B6EA /* Resources */ = {
			isa = PBXResourcesBuildPhase;
			buildActionMask = 2147483647;
			files = (
			);
			runOnlyForDeploymentPostprocessing = 0;
		};
/* End PBXResourcesBuildPhase section */

/* Begin PBXSourcesBuildPhase section */
		2767034529CD94E30010B6EA /* Sources */ = {
			isa = PBXSourcesBuildPhase;
			buildActionMask = 2147483647;
			files = (
				27170D2E29DEB7EF0067DFA4 /* RecordButton.swift in Sources */,
				2767034F29CD94E30010B6EA /* ContentView.swift in Sources */,
				2767034D29CD94E30010B6EA /* DiamemoryApp.swift in Sources */,
				27170D3229E0326E0067DFA4 /* TaskView.swift in Sources */,
				27170D3429E032880067DFA4 /* PastDiaryView.swift in Sources */,
				27170D3029E02F420067DFA4 /* TabBarView.swift in Sources */,
				2767037729D095890010B6EA /* InputDiaryView.swift in Sources */,
			);
			runOnlyForDeploymentPostprocessing = 0;
		};
		2767035529CD94E60010B6EA /* Sources */ = {
			isa = PBXSourcesBuildPhase;
			buildActionMask = 2147483647;
			files = (
				2767035E29CD94E60010B6EA /* DiamemoryTests.swift in Sources */,
			);
			runOnlyForDeploymentPostprocessing = 0;
		};
		2767035F29CD94E60010B6EA /* Sources */ = {
			isa = PBXSourcesBuildPhase;
			buildActionMask = 2147483647;
			files = (
				2767036A29CD94E60010B6EA /* DiamemoryUITestsLaunchTests.swift in Sources */,
				2767036829CD94E60010B6EA /* DiamemoryUITests.swift in Sources */,
			);
			runOnlyForDeploymentPostprocessing = 0;
		};
/* End PBXSourcesBuildPhase section */

/* Begin PBXTargetDependency section */
		2767035B29CD94E60010B6EA /* PBXTargetDependency */ = {
			isa = PBXTargetDependency;
			target = 2767034829CD94E30010B6EA /* Diamemory */;
			targetProxy = 2767035A29CD94E60010B6EA /* PBXContainerItemProxy */;
		};
		2767036529CD94E60010B6EA /* PBXTargetDependency */ = {
			isa = PBXTargetDependency;
			target = 2767034829CD94E30010B6EA /* Diamemory */;
			targetProxy = 2767036429CD94E60010B6EA /* PBXContainerItemProxy */;
		};
/* End PBXTargetDependency section */

/* Begin XCBuildConfiguration section */
		2767036B29CD94E60010B6EA /* Debug */ = {
			isa = XCBuildConfiguration;
			buildSettings = {
				ALWAYS_SEARCH_USER_PATHS = NO;
				CLANG_ANALYZER_NONNULL = YES;
				CLANG_ANALYZER_NUMBER_OBJECT_CONVERSION = YES_AGGRESSIVE;
				CLANG_CXX_LANGUAGE_STANDARD = "gnu++17";
				CLANG_ENABLE_MODULES = YES;
				CLANG_ENABLE_OBJC_ARC = YES;
				CLANG_ENABLE_OBJC_WEAK = YES;
				CLANG_WARN_BLOCK_CAPTURE_AUTORELEASING = YES;
				CLANG_WARN_BOOL_CONVERSION = YES;
				CLANG_WARN_COMMA = YES;
				CLANG_WARN_CONSTANT_CONVERSION = YES;
				CLANG_WARN_DEPRECATED_OBJC_IMPLEMENTATIONS = YES;
				CLANG_WARN_DIRECT_OBJC_ISA_USAGE = YES_ERROR;
				CLANG_WARN_DOCUMENTATION_COMMENTS = YES;
				CLANG_WARN_EMPTY_BODY = YES;
				CLANG_WARN_ENUM_CONVERSION = YES;
				CLANG_WARN_INFINITE_RECURSION = YES;
				CLANG_WARN_INT_CONVERSION = YES;
				CLANG_WARN_NON_LITERAL_NULL_CONVERSION = YES;
				CLANG_WARN_OBJC_IMPLICIT_RETAIN_SELF = YES;
				CLANG_WARN_OBJC_LITERAL_CONVERSION = YES;
				CLANG_WARN_OBJC_ROOT_CLASS = YES_ERROR;
				CLANG_WARN_QUOTED_INCLUDE_IN_FRAMEWORK_HEADER = YES;
				CLANG_WARN_RANGE_LOOP_ANALYSIS = YES;
				CLANG_WARN_STRICT_PROTOTYPES = YES;
				CLANG_WARN_SUSPICIOUS_MOVE = YES;
				CLANG_WARN_UNGUARDED_AVAILABILITY = YES_AGGRESSIVE;
				CLANG_WARN_UNREACHABLE_CODE = YES;
				CLANG_WARN__DUPLICATE_METHOD_MATCH = YES;
				COPY_PHASE_STRIP = NO;
				DEBUG_INFORMATION_FORMAT = dwarf;
				ENABLE_STRICT_OBJC_MSGSEND = YES;
				ENABLE_TESTABILITY = YES;
				GCC_C_LANGUAGE_STANDARD = gnu11;
				GCC_DYNAMIC_NO_PIC = NO;
				GCC_NO_COMMON_BLOCKS = YES;
				GCC_OPTIMIZATION_LEVEL = 0;
				GCC_PREPROCESSOR_DEFINITIONS = (
					"DEBUG=1",
					"$(inherited)",
				);
				GCC_WARN_64_TO_32_BIT_CONVERSION = YES;
				GCC_WARN_ABOUT_RETURN_TYPE = YES_ERROR;
				GCC_WARN_UNDECLARED_SELECTOR = YES;
				GCC_WARN_UNINITIALIZED_AUTOS = YES_AGGRESSIVE;
				GCC_WARN_UNUSED_FUNCTION = YES;
				GCC_WARN_UNUSED_VARIABLE = YES;
				IPHONEOS_DEPLOYMENT_TARGET = 15.4;
				MTL_ENABLE_DEBUG_INFO = INCLUDE_SOURCE;
				MTL_FAST_MATH = YES;
				ONLY_ACTIVE_ARCH = YES;
				SDKROOT = iphoneos;
				SWIFT_ACTIVE_COMPILATION_CONDITIONS = DEBUG;
				SWIFT_OPTIMIZATION_LEVEL = "-Onone";
			};
			name = Debug;
		};
		2767036C29CD94E60010B6EA /* Release */ = {
			isa = XCBuildConfiguration;
			buildSettings = {
				ALWAYS_SEARCH_USER_PATHS = NO;
				CLANG_ANALYZER_NONNULL = YES;
				CLANG_ANALYZER_NUMBER_OBJECT_CONVERSION = YES_AGGRESSIVE;
				CLANG_CXX_LANGUAGE_STANDARD = "gnu++17";
				CLANG_ENABLE_MODULES = YES;
				CLANG_ENABLE_OBJC_ARC = YES;
				CLANG_ENABLE_OBJC_WEAK = YES;
				CLANG_WARN_BLOCK_CAPTURE_AUTORELEASING = YES;
				CLANG_WARN_BOOL_CONVERSION = YES;
				CLANG_WARN_COMMA = YES;
				CLANG_WARN_CONSTANT_CONVERSION = YES;
				CLANG_WARN_DEPRECATED_OBJC_IMPLEMENTATIONS = YES;
				CLANG_WARN_DIRECT_OBJC_ISA_USAGE = YES_ERROR;
				CLANG_WARN_DOCUMENTATION_COMMENTS = YES;
				CLANG_WARN_EMPTY_BODY = YES;
				CLANG_WARN_ENUM_CONVERSION = YES;
				CLANG_WARN_INFINITE_RECURSION = YES;
				CLANG_WARN_INT_CONVERSION = YES;
				CLANG_WARN_NON_LITERAL_NULL_CONVERSION = YES;
				CLANG_WARN_OBJC_IMPLICIT_RETAIN_SELF = YES;
				CLANG_WARN_OBJC_LITERAL_CONVERSION = YES;
				CLANG_WARN_OBJC_ROOT_CLASS = YES_ERROR;
				CLANG_WARN_QUOTED_INCLUDE_IN_FRAMEWORK_HEADER = YES;
				CLANG_WARN_RANGE_LOOP_ANALYSIS = YES;
				CLANG_WARN_STRICT_PROTOTYPES = YES;
				CLANG_WARN_SUSPICIOUS_MOVE = YES;
				CLANG_WARN_UNGUARDED_AVAILABILITY = YES_AGGRESSIVE;
				CLANG_WARN_UNREACHABLE_CODE = YES;
				CLANG_WARN__DUPLICATE_METHOD_MATCH = YES;
				COPY_PHASE_STRIP = NO;
				DEBUG_INFORMATION_FORMAT = "dwarf-with-dsym";
				ENABLE_NS_ASSERTIONS = NO;
				ENABLE_STRICT_OBJC_MSGSEND = YES;
				GCC_C_LANGUAGE_STANDARD = gnu11;
				GCC_NO_COMMON_BLOCKS = YES;
				GCC_WARN_64_TO_32_BIT_CONVERSION = YES;
				GCC_WARN_ABOUT_RETURN_TYPE = YES_ERROR;
				GCC_WARN_UNDECLARED_SELECTOR = YES;
				GCC_WARN_UNINITIALIZED_AUTOS = YES_AGGRESSIVE;
				GCC_WARN_UNUSED_FUNCTION = YES;
				GCC_WARN_UNUSED_VARIABLE = YES;
				IPHONEOS_DEPLOYMENT_TARGET = 15.4;
				MTL_ENABLE_DEBUG_INFO = NO;
				MTL_FAST_MATH = YES;
				SDKROOT = iphoneos;
				SWIFT_COMPILATION_MODE = wholemodule;
				SWIFT_OPTIMIZATION_LEVEL = "-O";
				VALIDATE_PRODUCT = YES;
			};
			name = Release;
		};
		2767036E29CD94E60010B6EA /* Debug */ = {
			isa = XCBuildConfiguration;
			buildSettings = {
				ASSETCATALOG_COMPILER_APPICON_NAME = AppIcon;
				ASSETCATALOG_COMPILER_GLOBAL_ACCENT_COLOR_NAME = AccentColor;
				CODE_SIGN_STYLE = Automatic;
				CURRENT_PROJECT_VERSION = 1;
				DEVELOPMENT_ASSET_PATHS = "\"Diamemory/Preview Content\"";
				ENABLE_PREVIEWS = YES;
				GENERATE_INFOPLIST_FILE = YES;
				INFOPLIST_KEY_UIApplicationSceneManifest_Generation = YES;
				INFOPLIST_KEY_UIApplicationSupportsIndirectInputEvents = YES;
				INFOPLIST_KEY_UILaunchScreen_Generation = YES;
				INFOPLIST_KEY_UISupportedInterfaceOrientations_iPad = "UIInterfaceOrientationPortrait UIInterfaceOrientationPortraitUpsideDown UIInterfaceOrientationLandscapeLeft UIInterfaceOrientationLandscapeRight";
				INFOPLIST_KEY_UISupportedInterfaceOrientations_iPhone = "UIInterfaceOrientationPortrait UIInterfaceOrientationLandscapeLeft UIInterfaceOrientationLandscapeRight";
				LD_RUNPATH_SEARCH_PATHS = (
					"$(inherited)",
					"@executable_path/Frameworks",
				);
				MARKETING_VERSION = 1.0;
				PRODUCT_BUNDLE_IDENTIFIER = hiromasa.tanaka.Diamemory;
				PRODUCT_NAME = "$(TARGET_NAME)";
				SWIFT_EMIT_LOC_STRINGS = YES;
				SWIFT_VERSION = 5.0;
				TARGETED_DEVICE_FAMILY = "1,2";
			};
			name = Debug;
		};
		2767036F29CD94E60010B6EA /* Release */ = {
			isa = XCBuildConfiguration;
			buildSettings = {
				ASSETCATALOG_COMPILER_APPICON_NAME = AppIcon;
				ASSETCATALOG_COMPILER_GLOBAL_ACCENT_COLOR_NAME = AccentColor;
				CODE_SIGN_STYLE = Automatic;
				CURRENT_PROJECT_VERSION = 1;
				DEVELOPMENT_ASSET_PATHS = "\"Diamemory/Preview Content\"";
				ENABLE_PREVIEWS = YES;
				GENERATE_INFOPLIST_FILE = YES;
				INFOPLIST_KEY_UIApplicationSceneManifest_Generation = YES;
				INFOPLIST_KEY_UIApplicationSupportsIndirectInputEvents = YES;
				INFOPLIST_KEY_UILaunchScreen_Generation = YES;
				INFOPLIST_KEY_UISupportedInterfaceOrientations_iPad = "UIInterfaceOrientationPortrait UIInterfaceOrientationPortraitUpsideDown UIInterfaceOrientationLandscapeLeft UIInterfaceOrientationLandscapeRight";
				INFOPLIST_KEY_UISupportedInterfaceOrientations_iPhone = "UIInterfaceOrientationPortrait UIInterfaceOrientationLandscapeLeft UIInterfaceOrientationLandscapeRight";
				LD_RUNPATH_SEARCH_PATHS = (
					"$(inherited)",
					"@executable_path/Frameworks",
				);
				MARKETING_VERSION = 1.0;
				PRODUCT_BUNDLE_IDENTIFIER = hiromasa.tanaka.Diamemory;
				PRODUCT_NAME = "$(TARGET_NAME)";
				SWIFT_EMIT_LOC_STRINGS = YES;
				SWIFT_VERSION = 5.0;
				TARGETED_DEVICE_FAMILY = "1,2";
			};
			name = Release;
		};
		2767037129CD94E60010B6EA /* Debug */ = {
			isa = XCBuildConfiguration;
			buildSettings = {
				ALWAYS_EMBED_SWIFT_STANDARD_LIBRARIES = YES;
				BUNDLE_LOADER = "$(TEST_HOST)";
				CODE_SIGN_STYLE = Automatic;
				CURRENT_PROJECT_VERSION = 1;
				GENERATE_INFOPLIST_FILE = YES;
				IPHONEOS_DEPLOYMENT_TARGET = 15.4;
				MARKETING_VERSION = 1.0;
				PRODUCT_BUNDLE_IDENTIFIER = hiromasa.tanaka.DiamemoryTests;
				PRODUCT_NAME = "$(TARGET_NAME)";
				SWIFT_EMIT_LOC_STRINGS = NO;
				SWIFT_VERSION = 5.0;
				TARGETED_DEVICE_FAMILY = "1,2";
				TEST_HOST = "$(BUILT_PRODUCTS_DIR)/Diamemory.app/Diamemory";
			};
			name = Debug;
		};
		2767037229CD94E60010B6EA /* Release */ = {
			isa = XCBuildConfiguration;
			buildSettings = {
				ALWAYS_EMBED_SWIFT_STANDARD_LIBRARIES = YES;
				BUNDLE_LOADER = "$(TEST_HOST)";
				CODE_SIGN_STYLE = Automatic;
				CURRENT_PROJECT_VERSION = 1;
				GENERATE_INFOPLIST_FILE = YES;
				IPHONEOS_DEPLOYMENT_TARGET = 15.4;
				MARKETING_VERSION = 1.0;
				PRODUCT_BUNDLE_IDENTIFIER = hiromasa.tanaka.DiamemoryTests;
				PRODUCT_NAME = "$(TARGET_NAME)";
				SWIFT_EMIT_LOC_STRINGS = NO;
				SWIFT_VERSION = 5.0;
				TARGETED_DEVICE_FAMILY = "1,2";
				TEST_HOST = "$(BUILT_PRODUCTS_DIR)/Diamemory.app/Diamemory";
			};
			name = Release;
		};
		2767037429CD94E60010B6EA /* Debug */ = {
			isa = XCBuildConfiguration;
			buildSettings = {
				ALWAYS_EMBED_SWIFT_STANDARD_LIBRARIES = YES;
				CODE_SIGN_STYLE = Automatic;
				CURRENT_PROJECT_VERSION = 1;
				GENERATE_INFOPLIST_FILE = YES;
				MARKETING_VERSION = 1.0;
				PRODUCT_BUNDLE_IDENTIFIER = hiromasa.tanaka.DiamemoryUITests;
				PRODUCT_NAME = "$(TARGET_NAME)";
				SWIFT_EMIT_LOC_STRINGS = NO;
				SWIFT_VERSION = 5.0;
				TARGETED_DEVICE_FAMILY = "1,2";
				TEST_TARGET_NAME = Diamemory;
			};
			name = Debug;
		};
		2767037529CD94E60010B6EA /* Release */ = {
			isa = XCBuildConfiguration;
			buildSettings = {
				ALWAYS_EMBED_SWIFT_STANDARD_LIBRARIES = YES;
				CODE_SIGN_STYLE = Automatic;
				CURRENT_PROJECT_VERSION = 1;
				GENERATE_INFOPLIST_FILE = YES;
				MARKETING_VERSION = 1.0;
				PRODUCT_BUNDLE_IDENTIFIER = hiromasa.tanaka.DiamemoryUITests;
				PRODUCT_NAME = "$(TARGET_NAME)";
				SWIFT_EMIT_LOC_STRINGS = NO;
				SWIFT_VERSION = 5.0;
				TARGETED_DEVICE_FAMILY = "1,2";
				TEST_TARGET_NAME = Diamemory;
			};
			name = Release;
		};
/* End XCBuildConfiguration section */

/* Begin XCConfigurationList section */
		2767034429CD94E30010B6EA /* Build configuration list for PBXProject "Diamemory" */ = {
			isa = XCConfigurationList;
			buildConfigurations = (
				2767036B29CD94E60010B6EA /* Debug */,
				2767036C29CD94E60010B6EA /* Release */,
			);
			defaultConfigurationIsVisible = 0;
			defaultConfigurationName = Release;
		};
		2767036D29CD94E60010B6EA /* Build configuration list for PBXNativeTarget "Diamemory" */ = {
			isa = XCConfigurationList;
			buildConfigurations = (
				2767036E29CD94E60010B6EA /* Debug */,
				2767036F29CD94E60010B6EA /* Release */,
			);
			defaultConfigurationIsVisible = 0;
			defaultConfigurationName = Release;
		};
		2767037029CD94E60010B6EA /* Build configuration list for PBXNativeTarget "DiamemoryTests" */ = {
			isa = XCConfigurationList;
			buildConfigurations = (
				2767037129CD94E60010B6EA /* Debug */,
				2767037229CD94E60010B6EA /* Release */,
			);
			defaultConfigurationIsVisible = 0;
			defaultConfigurationName = Release;
		};
		2767037329CD94E60010B6EA /* Build configuration list for PBXNativeTarget "DiamemoryUITests" */ = {
			isa = XCConfigurationList;
			buildConfigurations = (
				2767037429CD94E60010B6EA /* Debug */,
				2767037529CD94E60010B6EA /* Release */,
			);
			defaultConfigurationIsVisible = 0;
			defaultConfigurationName = Release;
		};
/* End XCConfigurationList section */
	};
	rootObject = 2767034129CD94E30010B6EA /* Project object */;
}
